
Microsoft Visual Studio Solution File, Format Version 12.00
# Visual Studio Version 17
VisualStudioVersion = 17.6.33815.320
MinimumVisualStudioVersion = 10.0.40219.1
Project("{FAE04EC0-301F-11D3-BF4B-00C04F79EFBC}") = "PartialViews", "PartialViews\PartialViews.csproj", "{4E288BF5-9C66-4839-8E35-2B5D25487EA6}"
EndProject
Global
	GlobalSection(SolutionConfigurationPlatforms) = preSolution
		Debug|Any CPU = Debug|Any CPU
		Release|Any CPU = Release|Any CPU
	EndGlobalSection
	GlobalSection(ProjectConfigurationPlatforms) = postSolution
		{4E288BF5-9C66-4839-8E35-2B5D25487EA6}.Debug|Any CPU.ActiveCfg = Debug|Any CPU
		{4E288BF5-9C66-4839-8E35-2B5D25487EA6}.Debug|Any CPU.Build.0 = Debug|Any CPU
		{4E288BF5-9C66-4839-8E35-2B5D25487EA6}.Release|Any CPU.ActiveCfg = Release|Any CPU
		{4E288BF5-9C66-4839-8E35-2B5D25487EA6}.Release|Any CPU.Build.0 = Release|Any CPU
	EndGlobalSection
	GlobalSection(SolutionProperties) = preSolution
		HideSolutionNode = FALSE
	EndGlobalSection
	GlobalSection(ExtensibilityGlobals) = postSolution
		SolutionGuid = {8967D91A-DF07-4177-A6E5-B4B901D4F0BE}
	EndGlobalSection
EndGlobal
